
Microsoft Visual Studio Solution File, Format Version 12.00
# Visual Studio Version 17
VisualStudioVersion = 17.12.35521.163 d17.12
MinimumVisualStudioVersion = 10.0.40219.1
Project("{2150E333-8FDC-42A3-9474-1A3956D46DE8}") = "src", "src", "{9139D94E-E5F2-4CCB-923D-C6912E904565}"
EndProject
Project("{FAE04EC0-301F-11D3-BF4B-00C04F79EFBC}") = "GRPCNikamooz.Domain", "GRPCNikamooz.Domain\GRPCNikamooz.Domain.csproj", "{76BCB8DE-BBFB-4B31-A001-9ECE48EA25A7}"
EndProject
Project("{FAE04EC0-301F-11D3-BF4B-00C04F79EFBC}") = "GRPCNikamooz.DAL", "GRPCNikamooz.DAL\GRPCNikamooz.DAL.csproj", "{F9B81E4E-C053-409A-9DDE-116D04E0CE2D}"
EndProject
Project("{FAE04EC0-301F-11D3-BF4B-00C04F79EFBC}") = "GRPCNikamooz.BLL", "GRPCNikamooz.BLL\GRPCNikamooz.BLL.csproj", "{9C4925B8-5C26-4510-AFCE-53C605C4319C}"
EndProject
Project("{FAE04EC0-301F-11D3-BF4B-00C04F79EFBC}") = "GRPCNikamooz.Grpc", "GRPCNikamooz.Grpc\GRPCNikamooz.Grpc.csproj", "{E2DAEBBF-E155-4466-8276-5F3BE01669BA}"
EndProject
Global
	GlobalSection(SolutionConfigurationPlatforms) = preSolution
		Debug|Any CPU = Debug|Any CPU
		Release|Any CPU = Release|Any CPU
	EndGlobalSection
	GlobalSection(ProjectConfigurationPlatforms) = postSolution
		{76BCB8DE-BBFB-4B31-A001-9ECE48EA25A7}.Debug|Any CPU.ActiveCfg = Debug|Any CPU
		{76BCB8DE-BBFB-4B31-A001-9ECE48EA25A7}.Debug|Any CPU.Build.0 = Debug|Any CPU
		{76BCB8DE-BBFB-4B31-A001-9ECE48EA25A7}.Release|Any CPU.ActiveCfg = Release|Any CPU
		{76BCB8DE-BBFB-4B31-A001-9ECE48EA25A7}.Release|Any CPU.Build.0 = Release|Any CPU
		{F9B81E4E-C053-409A-9DDE-116D04E0CE2D}.Debug|Any CPU.ActiveCfg = Debug|Any CPU
		{F9B81E4E-C053-409A-9DDE-116D04E0CE2D}.Debug|Any CPU.Build.0 = Debug|Any CPU
		{F9B81E4E-C053-409A-9DDE-116D04E0CE2D}.Release|Any CPU.ActiveCfg = Release|Any CPU
		{F9B81E4E-C053-409A-9DDE-116D04E0CE2D}.Release|Any CPU.Build.0 = Release|Any CPU
		{9C4925B8-5C26-4510-AFCE-53C605C4319C}.Debug|Any CPU.ActiveCfg = Debug|Any CPU
		{9C4925B8-5C26-4510-AFCE-53C605C4319C}.Debug|Any CPU.Build.0 = Debug|Any CPU
		{9C4925B8-5C26-4510-AFCE-53C605C4319C}.Release|Any CPU.ActiveCfg = Release|Any CPU
		{9C4925B8-5C26-4510-AFCE-53C605C4319C}.Release|Any CPU.Build.0 = Release|Any CPU
		{E2DAEBBF-E155-4466-8276-5F3BE01669BA}.Debug|Any CPU.ActiveCfg = Debug|Any CPU
		{E2DAEBBF-E155-4466-8276-5F3BE01669BA}.Debug|Any CPU.Build.0 = Debug|Any CPU
		{E2DAEBBF-E155-4466-8276-5F3BE01669BA}.Release|Any CPU.ActiveCfg = Release|Any CPU
		{E2DAEBBF-E155-4466-8276-5F3BE01669BA}.Release|Any CPU.Build.0 = Release|Any CPU
	EndGlobalSection
	GlobalSection(SolutionProperties) = preSolution
		HideSolutionNode = FALSE
	EndGlobalSection
	GlobalSection(NestedProjects) = preSolution
		{76BCB8DE-BBFB-4B31-A001-9ECE48EA25A7} = {9139D94E-E5F2-4CCB-923D-C6912E904565}
		{F9B81E4E-C053-409A-9DDE-116D04E0CE2D} = {9139D94E-E5F2-4CCB-923D-C6912E904565}
		{9C4925B8-5C26-4510-AFCE-53C605C4319C} = {9139D94E-E5F2-4CCB-923D-C6912E904565}
		{E2DAEBBF-E155-4466-8276-5F3BE01669BA} = {9139D94E-E5F2-4CCB-923D-C6912E904565}
	EndGlobalSection
EndGlobal
